// !$*UTF8*$!
{
	archiveVersion = 1;
	classes = {
	};
	objectVersion = 46;
	objects = {

/* Begin PBXBuildFile section */
		AA22574C19E2F035004B4866 /* main.m in Sources */ = {isa = PBXBuildFile; fileRef = AA22574B19E2F035004B4866 /* main.m */; };
		AA22575419E2F07F004B4866 /* TerryNumberChecker.m in Sources */ = {isa = PBXBuildFile; fileRef = AA22575319E2F07F004B4866 /* TerryNumberChecker.m */; };
/* End PBXBuildFile section */

/* Begin PBXCopyFilesBuildPhase section */
		AA22574619E2F035004B4866 /* CopyFiles */ = {
			isa = PBXCopyFilesBuildPhase;
			buildActionMask = 2147483647;
			dstPath = /usr/share/man/man1/;
			dstSubfolderSpec = 0;
			files = (
			);
			runOnlyForDeploymentPostprocessing = 1;
		};
/* End PBXCopyFilesBuildPhase section */

/* Begin PBXFileReference section */
		AA22574819E2F035004B4866 /* PrimePerfectSquare */ = {isa = PBXFileReference; explicitFileType = "compiled.mach-o.executable"; includeInIndex = 0; path = PrimePerfectSquare; sourceTree = BUILT_PRODUCTS_DIR; };
		AA22574B19E2F035004B4866 /* main.m */ = {isa = PBXFileReference; lastKnownFileType = sourcecode.c.objc; path = main.m; sourceTree = "<group>"; };
		AA22575219E2F07F004B4866 /* TerryNumberChecker.h */ = {isa = PBXFileReference; fileEncoding = 4; lastKnownFileType = sourcecode.c.h; path = TerryNumberChecker.h; sourceTree = "<group>"; };
		AA22575319E2F07F004B4866 /* TerryNumberChecker.m */ = {isa = PBXFileReference; fileEncoding = 4; lastKnownFileType = sourcecode.c.objc; path = TerryNumberChecker.m; sourceTree = "<group>"; };
/* End PBXFileReference section */

/* Begin PBXFrameworksBuildPhase section */
		AA22574519E2F035004B4866 /* Frameworks */ = {
			isa = PBXFrameworksBuildPhase;
			buildActionMask = 2147483647;
			files = (
			);
			runOnlyForDeploymentPostprocessing = 0;
		};
/* End PBXFrameworksBuildPhase section */

/* Begin PBXGroup section */
		AA22573F19E2F035004B4866 = {
			isa = PBXGroup;
			children = (
				AA22574A19E2F035004B4866 /* PrimePerfectSquare */,
				AA22574919E2F035004B4866 /* Products */,
			);
			sourceTree = "<group>";
		};
		AA22574919E2F035004B4866 /* Products */ = {
			isa = PBXGroup;
			children = (
				AA22574819E2F035004B4866 /* PrimePerfectSquare */,
			);
			name = Products;
			sourceTree = "<group>";
		};
		AA22574A19E2F035004B4866 /* PrimePerfectSquare */ = {
			isa = PBXGroup;
			children = (
				AA22574B19E2F035004B4866 /* main.m */,
				AA22575219E2F07F004B4866 /* TerryNumberChecker.h */,
				AA22575319E2F07F004B4866 /* TerryNumberChecker.m */,
			);
			path = PrimePerfectSquare;
			sourceTree = "<group>";
		};
/* End PBXGroup section */

/* Begin PBXNativeTarget section */
		AA22574719E2F035004B4866 /* PrimePerfectSquare */ = {
			isa = PBXNativeTarget;
			buildConfigurationList = AA22574F19E2F035004B4866 /* Build configuration list for PBXNativeTarget "PrimePerfectSquare" */;
			buildPhases = (
				AA22574419E2F035004B4866 /* Sources */,
				AA22574519E2F035004B4866 /* Frameworks */,
				AA22574619E2F035004B4866 /* CopyFiles */,
			);
			buildRules = (
			);
			dependencies = (
			);
			name = PrimePerfectSquare;
			productName = PrimePerfectSquare;
			productReference = AA22574819E2F035004B4866 /* PrimePerfectSquare */;
			productType = "com.apple.product-type.tool";
		};
/* End PBXNativeTarget section */

/* Begin PBXProject section */
		AA22574019E2F035004B4866 /* Project object */ = {
			isa = PBXProject;
			attributes = {
				LastUpgradeCheck = 0600;
				ORGANIZATIONNAME = NM;
				TargetAttributes = {
					AA22574719E2F035004B4866 = {
						CreatedOnToolsVersion = 6.0.1;
					};
				};
			};
			buildConfigurationList = AA22574319E2F035004B4866 /* Build configuration list for PBXProject "PrimePerfectSquare" */;
			compatibilityVersion = "Xcode 3.2";
			developmentRegion = English;
			hasScannedForEncodings = 0;
			knownRegions = (
				en,
			);
			mainGroup = AA22573F19E2F035004B4866;
			productRefGroup = AA22574919E2F035004B4866 /* Products */;
			projectDirPath = "";
			projectRoot = "";
			targets = (
				AA22574719E2F035004B4866 /* PrimePerfectSquare */,
			);
		};
/* End PBXProject section */

/* Begin PBXSourcesBuildPhase section */
		AA22574419E2F035004B4866 /* Sources */ = {
			isa = PBXSourcesBuildPhase;
			buildActionMask = 2147483647;
			files = (
				AA22574C19E2F035004B4866 /* main.m in Sources */,
				AA22575419E2F07F004B4866 /* TerryNumberChecker.m in Sources */,
			);
			runOnlyForDeploymentPostprocessing = 0;
		};
/* End PBXSourcesBuildPhase section */

/* Begin XCBuildConfiguration section */
		AA22574D19E2F035004B4866 /* Debug */ = {
			isa = XCBuildConfiguration;
			buildSettings = {
				ALWAYS_SEARCH_USER_PATHS = NO;
				CLANG_CXX_LANGUAGE_STANDARD = "gnu++0x";
				CLANG_CXX_LIBRARY = "libc++";
				CLANG_ENABLE_MODULES = YES;
				CLANG_ENABLE_OBJC_ARC = YES;
				CLANG_WARN_BOOL_CONVERSION = YES;
				CLANG_WARN_CONSTANT_CONVERSION = YES;
				CLANG_WARN_DIRECT_OBJC_ISA_USAGE = YES_ERROR;
				CLANG_WARN_EMPTY_BODY = YES;
				CLANG_WARN_ENUM_CONVERSION = YES;
				CLANG_WARN_INT_CONVERSION = YES;
				CLANG_WARN_OBJC_ROOT_CLASS = YES_ERROR;
				CLANG_WARN_UNREACHABLE_CODE = YES;
				CLANG_WARN__DUPLICATE_METHOD_MATCH = YES;
				COPY_PHASE_STRIP = NO;
				ENABLE_STRICT_OBJC_MSGSEND = YES;
				GCC_C_LANGUAGE_STANDARD = gnu99;
				GCC_DYNAMIC_NO_PIC = NO;
				GCC_OPTIMIZATION_LEVEL = 0;
				GCC_PREPROCESSOR_DEFINITIONS = (
					"DEBUG=1",
					"$(inherited)",
				);
				GCC_SYMBOLS_PRIVATE_EXTERN = NO;
				GCC_WARN_64_TO_32_BIT_CONVERSION = YES;
				GCC_WARN_ABOUT_RETURN_TYPE = YES_ERROR;
				GCC_WARN_UNDECLARED_SELECTOR = YES;
				GCC_WARN_UNINITIALIZED_AUTOS = YES_AGGRESSIVE;
				GCC_WARN_UNUSED_FUNCTION = YES;
				GCC_WARN_UNUSED_VARIABLE = YES;
				MACOSX_DEPLOYMENT_TARGET = 10.9;
				MTL_ENABLE_DEBUG_INFO = YES;
				ONLY_ACTIVE_ARCH = YES;
				SDKROOT = macosx;
			};
			name = Debug;
		};
		AA22574E19E2F035004B4866 /* Release */ = {
			isa = XCBuildConfiguration;
			buildSettings = {
				ALWAYS_SEARCH_USER_PATHS = NO;
				CLANG_CXX_LANGUAGE_STANDARD = "gnu++0x";
				CLANG_CXX_LIBRARY = "libc++";
				CLANG_ENABLE_MODULES = YES;
				CLANG_ENABLE_OBJC_ARC = YES;
				CLANG_WARN_BOOL_CONVERSION = YES;
				CLANG_WARN_CONSTANT_CONVERSION = YES;
				CLANG_WARN_DIRECT_OBJC_ISA_USAGE = YES_ERROR;
				CLANG_WARN_EMPTY_BODY = YES;
				CLANG_WARN_ENUM_CONVERSION = YES;
				CLANG_WARN_INT_CONVERSION = YES;
				CLANG_WARN_OBJC_ROOT_CLASS = YES_ERROR;
				CLANG_WARN_UNREACHABLE_CODE = YES;
				CLANG_WARN__DUPLICATE_METHOD_MATCH = YES;
				COPY_PHASE_STRIP = YES;
				DEBUG_INFORMATION_FORMAT = "dwarf-with-dsym";
				ENABLE_NS_ASSERTIONS = NO;
				ENABLE_STRICT_OBJC_MSGSEND = YES;
				GCC_C_LANGUAGE_STANDARD = gnu99;
				GCC_WARN_64_TO_32_BIT_CONVERSION = YES;
				GCC_WARN_ABOUT_RETURN_TYPE = YES_ERROR;
				GCC_WARN_UNDECLARED_SELECTOR = YES;
				GCC_WARN_UNINITIALIZED_AUTOS = YES_AGGRESSIVE;
				GCC_WARN_UNUSED_FUNCTION = YES;
				GCC_WARN_UNUSED_VARIABLE = YES;
				MACOSX_DEPLOYMENT_TARGET = 10.9;
				MTL_ENABLE_DEBUG_INFO = NO;
				SDKROOT = macosx;
			};
			name = Release;
		};
		AA22575019E2F035004B4866 /* Debug */ = {
			isa = XCBuildConfiguration;
			buildSettings = {
				PRODUCT_NAME = "$(TARGET_NAME)";
			};
			name = Debug;
		};
		AA22575119E2F035004B4866 /* Release */ = {
			isa = XCBuildConfiguration;
			buildSettings = {
				PRODUCT_NAME = "$(TARGET_NAME)";
			};
			name = Release;
		};
/* End XCBuildConfiguration section */

/* Begin XCConfigurationList section */
		AA22574319E2F035004B4866 /* Build configuration list for PBXProject "PrimePerfectSquare" */ = {
			isa = XCConfigurationList;
			buildConfigurations = (
				AA22574D19E2F035004B4866 /* Debug */,
				AA22574E19E2F035004B4866 /* Release */,
			);
			defaultConfigurationIsVisible = 0;
			defaultConfigurationName = Release;
		};
		AA22574F19E2F035004B4866 /* Build configuration list for PBXNativeTarget "PrimePerfectSquare" */ = {
			isa = XCConfigurationList;
			buildConfigurations = (
				AA22575019E2F035004B4866 /* Debug */,
				AA22575119E2F035004B4866 /* Release */,
			);
			defaultConfigurationIsVisible = 0;
		};
/* End XCConfigurationList section */
	};
	rootObject = AA22574019E2F035004B4866 /* Project object */;
}
